
Microsoft Visual Studio Solution File, Format Version 12.00
# Visual Studio Version 17
VisualStudioVersion = 17.10.34928.147
MinimumVisualStudioVersion = 10.0.40219.1
Project("{9A19103F-16F7-4668-BE54-9A1E7A4F7556}") = "DemoConsoleApp", "DemoConsoleApp\DemoConsoleApp.csproj", "{49C9F95E-33AA-4C24-B293-49AA4D27FA5A}"
EndProject
Project("{FAE04EC0-301F-11D3-BF4B-00C04F79EFBC}") = "LinqDemoApp", "LinqDemoApp\LinqDemoApp.csproj", "{60632351-1FDB-4114-AC5F-8E671F970DD8}"
EndProject
Global
	GlobalSection(SolutionConfigurationPlatforms) = preSolution
		Debug|Any CPU = Debug|Any CPU
		Release|Any CPU = Release|Any CPU
	EndGlobalSection
	GlobalSection(ProjectConfigurationPlatforms) = postSolution
		{49C9F95E-33AA-4C24-B293-49AA4D27FA5A}.Debug|Any CPU.ActiveCfg = Debug|Any CPU
		{49C9F95E-33AA-4C24-B293-49AA4D27FA5A}.Debug|Any CPU.Build.0 = Debug|Any CPU
		{49C9F95E-33AA-4C24-B293-49AA4D27FA5A}.Release|Any CPU.ActiveCfg = Release|Any CPU
		{49C9F95E-33AA-4C24-B293-49AA4D27FA5A}.Release|Any CPU.Build.0 = Release|Any CPU
		{60632351-1FDB-4114-AC5F-8E671F970DD8}.Debug|Any CPU.ActiveCfg = Debug|Any CPU
		{60632351-1FDB-4114-AC5F-8E671F970DD8}.Debug|Any CPU.Build.0 = Debug|Any CPU
		{60632351-1FDB-4114-AC5F-8E671F970DD8}.Release|Any CPU.ActiveCfg = Release|Any CPU
		{60632351-1FDB-4114-AC5F-8E671F970DD8}.Release|Any CPU.Build.0 = Release|Any CPU
	EndGlobalSection
	GlobalSection(SolutionProperties) = preSolution
		HideSolutionNode = FALSE
	EndGlobalSection
	GlobalSection(ExtensibilityGlobals) = postSolution
		SolutionGuid = {33923165-9026-4232-9869-859053D4AC6D}
	EndGlobalSection
EndGlobal
